
Microsoft Visual Studio Solution File, Format Version 12.00
# Visual Studio Version 16
VisualStudioVersion = 16.0.31729.503
MinimumVisualStudioVersion = 10.0.40219.1
Project("{9092AA53-FB77-4645-B42D-1CCCA6BD08BD}") = "ProjectKentanus", "ProjectKentanus\ProjectKentanus.njsproj", "{3E2391B0-AF92-424C-A759-C149AF276442}"
EndProject
Global
	GlobalSection(SolutionConfigurationPlatforms) = preSolution
		Debug|Any CPU = Debug|Any CPU
		Release|Any CPU = Release|Any CPU
	EndGlobalSection
	GlobalSection(ProjectConfigurationPlatforms) = postSolution
		{3E2391B0-AF92-424C-A759-C149AF276442}.Debug|Any CPU.ActiveCfg = Debug|Any CPU
		{3E2391B0-AF92-424C-A759-C149AF276442}.Debug|Any CPU.Build.0 = Debug|Any CPU
		{3E2391B0-AF92-424C-A759-C149AF276442}.Release|Any CPU.ActiveCfg = Release|Any CPU
		{3E2391B0-AF92-424C-A759-C149AF276442}.Release|Any CPU.Build.0 = Release|Any CPU
	EndGlobalSection
	GlobalSection(SolutionProperties) = preSolution
		HideSolutionNode = FALSE
	EndGlobalSection
	GlobalSection(ExtensibilityGlobals) = postSolution
		SolutionGuid = {3BD31E2C-5657-4274-B3D6-A6CAAB92FF71}
	EndGlobalSection
EndGlobal
